// !$*UTF8*$!
{
	archiveVersion = 1;
	classes = {
	};
	objectVersion = 50;
	objects = {

/* Begin PBXBuildFile section */
		3C13E95E2147BD7600F7BEEE /* HooCTFrame.m in Sources */ = {isa = PBXBuildFile; fileRef = 3C13E95D2147BD7600F7BEEE /* HooCTFrame.m */; };
		3C13E9612147D8E500F7BEEE /* HooCTLine.m in Sources */ = {isa = PBXBuildFile; fileRef = 3C13E9602147D8E500F7BEEE /* HooCTLine.m */; };
		3C13E9642147D8FB00F7BEEE /* HooCTRun.m in Sources */ = {isa = PBXBuildFile; fileRef = 3C13E9632147D8FB00F7BEEE /* HooCTRun.m */; };
		3C13E9672149121200F7BEEE /* NSParagraphStyle+HooText.m in Sources */ = {isa = PBXBuildFile; fileRef = 3C13E9662149121200F7BEEE /* NSParagraphStyle+HooText.m */; };
		3C13E96D2149378600F7BEEE /* NSAttributedString+HooText.m in Sources */ = {isa = PBXBuildFile; fileRef = 3C13E96C2149378600F7BEEE /* NSAttributedString+HooText.m */; };
		3C13E96F214BA15800F7BEEE /* test@2x.png in Resources */ = {isa = PBXBuildFile; fileRef = 3C13E96E214BA15800F7BEEE /* test@2x.png */; };
		3C267719214225E5008EBB9F /* AppDelegate.m in Sources */ = {isa = PBXBuildFile; fileRef = 3C267718214225E5008EBB9F /* AppDelegate.m */; };
		3C26771C214225E5008EBB9F /* ViewController.m in Sources */ = {isa = PBXBuildFile; fileRef = 3C26771B214225E5008EBB9F /* ViewController.m */; };
		3C26771F214225E5008EBB9F /* Main.storyboard in Resources */ = {isa = PBXBuildFile; fileRef = 3C26771D214225E5008EBB9F /* Main.storyboard */; };
		3C267721214225E9008EBB9F /* Assets.xcassets in Resources */ = {isa = PBXBuildFile; fileRef = 3C267720214225E9008EBB9F /* Assets.xcassets */; };
		3C267724214225E9008EBB9F /* LaunchScreen.storyboard in Resources */ = {isa = PBXBuildFile; fileRef = 3C267722214225E9008EBB9F /* LaunchScreen.storyboard */; };
		3C267727214225EA008EBB9F /* main.m in Sources */ = {isa = PBXBuildFile; fileRef = 3C267726214225EA008EBB9F /* main.m */; };
		3C26773021422649008EBB9F /* HooCoreTextView.m in Sources */ = {isa = PBXBuildFile; fileRef = 3C26772F21422649008EBB9F /* HooCoreTextView.m */; };
		3C26773321426E95008EBB9F /* HooCTRunDelegate.m in Sources */ = {isa = PBXBuildFile; fileRef = 3C26773221426E95008EBB9F /* HooCTRunDelegate.m */; };
		3C26773621427F4C008EBB9F /* NSMutableAttributedString+HooText.m in Sources */ = {isa = PBXBuildFile; fileRef = 3C26773521427F4C008EBB9F /* NSMutableAttributedString+HooText.m */; };
		3C328049219BCDCF00E593FE /* HooCoreTextTests.m in Sources */ = {isa = PBXBuildFile; fileRef = 3C328048219BCDCF00E593FE /* HooCoreTextTests.m */; };
		3C328057219BCDF700E593FE /* HooCoreTextUITests.m in Sources */ = {isa = PBXBuildFile; fileRef = 3C328056219BCDF700E593FE /* HooCoreTextUITests.m */; };
		3CE3E2C222448076009BD8E7 /* HooTextAttachment.m in Sources */ = {isa = PBXBuildFile; fileRef = 3CE3E2C122448076009BD8E7 /* HooTextAttachment.m */; };
/* End PBXBuildFile section */

/* Begin PBXContainerItemProxy section */
		3C32804B219BCDCF00E593FE /* PBXContainerItemProxy */ = {
			isa = PBXContainerItemProxy;
			containerPortal = 3C26770C214225E5008EBB9F /* Project object */;
			proxyType = 1;
			remoteGlobalIDString = 3C267713214225E5008EBB9F;
			remoteInfo = HooCoreText;
		};
		3C328059219BCDF700E593FE /* PBXContainerItemProxy */ = {
			isa = PBXContainerItemProxy;
			containerPortal = 3C26770C214225E5008EBB9F /* Project object */;
			proxyType = 1;
			remoteGlobalIDString = 3C267713214225E5008EBB9F;
			remoteInfo = HooCoreText;
		};
/* End PBXContainerItemProxy section */

/* Begin PBXFileReference section */
		3C13E95C2147BD7600F7BEEE /* HooCTFrame.h */ = {isa = PBXFileReference; lastKnownFileType = sourcecode.c.h; path = HooCTFrame.h; sourceTree = "<group>"; };
		3C13E95D2147BD7600F7BEEE /* HooCTFrame.m */ = {isa = PBXFileReference; lastKnownFileType = sourcecode.c.objc; path = HooCTFrame.m; sourceTree = "<group>"; };
		3C13E95F2147D8E500F7BEEE /* HooCTLine.h */ = {isa = PBXFileReference; lastKnownFileType = sourcecode.c.h; path = HooCTLine.h; sourceTree = "<group>"; };
		3C13E9602147D8E500F7BEEE /* HooCTLine.m */ = {isa = PBXFileReference; lastKnownFileType = sourcecode.c.objc; path = HooCTLine.m; sourceTree = "<group>"; };
		3C13E9622147D8FB00F7BEEE /* HooCTRun.h */ = {isa = PBXFileReference; lastKnownFileType = sourcecode.c.h; path = HooCTRun.h; sourceTree = "<group>"; };
		3C13E9632147D8FB00F7BEEE /* HooCTRun.m */ = {isa = PBXFileReference; lastKnownFileType = sourcecode.c.objc; path = HooCTRun.m; sourceTree = "<group>"; };
		3C13E9652149121200F7BEEE /* NSParagraphStyle+HooText.h */ = {isa = PBXFileReference; lastKnownFileType = sourcecode.c.h; path = "NSParagraphStyle+HooText.h"; sourceTree = "<group>"; };
		3C13E9662149121200F7BEEE /* NSParagraphStyle+HooText.m */ = {isa = PBXFileReference; lastKnownFileType = sourcecode.c.objc; path = "NSParagraphStyle+HooText.m"; sourceTree = "<group>"; };
		3C13E96B2149378600F7BEEE /* NSAttributedString+HooText.h */ = {isa = PBXFileReference; lastKnownFileType = sourcecode.c.h; path = "NSAttributedString+HooText.h"; sourceTree = "<group>"; };
		3C13E96C2149378600F7BEEE /* NSAttributedString+HooText.m */ = {isa = PBXFileReference; lastKnownFileType = sourcecode.c.objc; path = "NSAttributedString+HooText.m"; sourceTree = "<group>"; };
		3C13E96E214BA15800F7BEEE /* test@2x.png */ = {isa = PBXFileReference; lastKnownFileType = image.png; path = "test@2x.png"; sourceTree = "<group>"; };
		3C267714214225E5008EBB9F /* HooCoreText.app */ = {isa = PBXFileReference; explicitFileType = wrapper.application; includeInIndex = 0; path = HooCoreText.app; sourceTree = BUILT_PRODUCTS_DIR; };
		3C267717214225E5008EBB9F /* AppDelegate.h */ = {isa = PBXFileReference; lastKnownFileType = sourcecode.c.h; path = AppDelegate.h; sourceTree = "<group>"; };
		3C267718214225E5008EBB9F /* AppDelegate.m */ = {isa = PBXFileReference; lastKnownFileType = sourcecode.c.objc; path = AppDelegate.m; sourceTree = "<group>"; };
		3C26771A214225E5008EBB9F /* ViewController.h */ = {isa = PBXFileReference; lastKnownFileType = sourcecode.c.h; path = ViewController.h; sourceTree = "<group>"; };
		3C26771B214225E5008EBB9F /* ViewController.m */ = {isa = PBXFileReference; lastKnownFileType = sourcecode.c.objc; path = ViewController.m; sourceTree = "<group>"; };
		3C26771E214225E5008EBB9F /* Base */ = {isa = PBXFileReference; lastKnownFileType = file.storyboard; name = Base; path = Base.lproj/Main.storyboard; sourceTree = "<group>"; };
		3C267720214225E9008EBB9F /* Assets.xcassets */ = {isa = PBXFileReference; lastKnownFileType = folder.assetcatalog; path = Assets.xcassets; sourceTree = "<group>"; };
		3C267723214225E9008EBB9F /* Base */ = {isa = PBXFileReference; lastKnownFileType = file.storyboard; name = Base; path = Base.lproj/LaunchScreen.storyboard; sourceTree = "<group>"; };
		3C267725214225EA008EBB9F /* Info.plist */ = {isa = PBXFileReference; lastKnownFileType = text.plist.xml; path = Info.plist; sourceTree = "<group>"; };
		3C267726214225EA008EBB9F /* main.m */ = {isa = PBXFileReference; lastKnownFileType = sourcecode.c.objc; path = main.m; sourceTree = "<group>"; };
		3C26772E21422649008EBB9F /* HooCoreTextView.h */ = {isa = PBXFileReference; lastKnownFileType = sourcecode.c.h; path = HooCoreTextView.h; sourceTree = "<group>"; };
		3C26772F21422649008EBB9F /* HooCoreTextView.m */ = {isa = PBXFileReference; lastKnownFileType = sourcecode.c.objc; path = HooCoreTextView.m; sourceTree = "<group>"; };
		3C26773121426E95008EBB9F /* HooCTRunDelegate.h */ = {isa = PBXFileReference; lastKnownFileType = sourcecode.c.h; path = HooCTRunDelegate.h; sourceTree = "<group>"; };
		3C26773221426E95008EBB9F /* HooCTRunDelegate.m */ = {isa = PBXFileReference; lastKnownFileType = sourcecode.c.objc; path = HooCTRunDelegate.m; sourceTree = "<group>"; };
		3C26773421427F4C008EBB9F /* NSMutableAttributedString+HooText.h */ = {isa = PBXFileReference; lastKnownFileType = sourcecode.c.h; path = "NSMutableAttributedString+HooText.h"; sourceTree = "<group>"; };
		3C26773521427F4C008EBB9F /* NSMutableAttributedString+HooText.m */ = {isa = PBXFileReference; lastKnownFileType = sourcecode.c.objc; path = "NSMutableAttributedString+HooText.m"; sourceTree = "<group>"; };
		3C328046219BCDCF00E593FE /* HooCoreTextTests.xctest */ = {isa = PBXFileReference; explicitFileType = wrapper.cfbundle; includeInIndex = 0; path = HooCoreTextTests.xctest; sourceTree = BUILT_PRODUCTS_DIR; };
		3C328048219BCDCF00E593FE /* HooCoreTextTests.m */ = {isa = PBXFileReference; lastKnownFileType = sourcecode.c.objc; path = HooCoreTextTests.m; sourceTree = "<group>"; };
		3C32804A219BCDCF00E593FE /* Info.plist */ = {isa = PBXFileReference; lastKnownFileType = text.plist.xml; path = Info.plist; sourceTree = "<group>"; };
		3C328054219BCDF700E593FE /* HooCoreTextUITests.xctest */ = {isa = PBXFileReference; explicitFileType = wrapper.cfbundle; includeInIndex = 0; path = HooCoreTextUITests.xctest; sourceTree = BUILT_PRODUCTS_DIR; };
		3C328056219BCDF700E593FE /* HooCoreTextUITests.m */ = {isa = PBXFileReference; lastKnownFileType = sourcecode.c.objc; path = HooCoreTextUITests.m; sourceTree = "<group>"; };
		3C328058219BCDF700E593FE /* Info.plist */ = {isa = PBXFileReference; lastKnownFileType = text.plist.xml; path = Info.plist; sourceTree = "<group>"; };
		3CE3E2C022448076009BD8E7 /* HooTextAttachment.h */ = {isa = PBXFileReference; lastKnownFileType = sourcecode.c.h; path = HooTextAttachment.h; sourceTree = "<group>"; };
		3CE3E2C122448076009BD8E7 /* HooTextAttachment.m */ = {isa = PBXFileReference; lastKnownFileType = sourcecode.c.objc; path = HooTextAttachment.m; sourceTree = "<group>"; };
/* End PBXFileReference section */

/* Begin PBXFrameworksBuildPhase section */
		3C267711214225E5008EBB9F /* Frameworks */ = {
			isa = PBXFrameworksBuildPhase;
			buildActionMask = 2147483647;
			files = (
			);
			runOnlyForDeploymentPostprocessing = 0;
		};
		3C328043219BCDCF00E593FE /* Frameworks */ = {
			isa = PBXFrameworksBuildPhase;
			buildActionMask = 2147483647;
			files = (
			);
			runOnlyForDeploymentPostprocessing = 0;
		};
		3C328051219BCDF700E593FE /* Frameworks */ = {
			isa = PBXFrameworksBuildPhase;
			buildActionMask = 2147483647;
			files = (
			);
			runOnlyForDeploymentPostprocessing = 0;
		};
/* End PBXFrameworksBuildPhase section */

/* Begin PBXGroup section */
		3C26770B214225E5008EBB9F = {
			isa = PBXGroup;
			children = (
				3C267716214225E5008EBB9F /* HooCoreText */,
				3C328047219BCDCF00E593FE /* HooCoreTextTests */,
				3C328055219BCDF700E593FE /* HooCoreTextUITests */,
				3C267715214225E5008EBB9F /* Products */,
			);
			sourceTree = "<group>";
		};
		3C267715214225E5008EBB9F /* Products */ = {
			isa = PBXGroup;
			children = (
				3C267714214225E5008EBB9F /* HooCoreText.app */,
				3C328046219BCDCF00E593FE /* HooCoreTextTests.xctest */,
				3C328054219BCDF700E593FE /* HooCoreTextUITests.xctest */,
			);
			name = Products;
			sourceTree = "<group>";
		};
		3C267716214225E5008EBB9F /* HooCoreText */ = {
			isa = PBXGroup;
			children = (
				3C26772D2142262B008EBB9F /* HooCoreTextView */,
				3C267717214225E5008EBB9F /* AppDelegate.h */,
				3C267718214225E5008EBB9F /* AppDelegate.m */,
				3C26771A214225E5008EBB9F /* ViewController.h */,
				3C26771B214225E5008EBB9F /* ViewController.m */,
				3C26771D214225E5008EBB9F /* Main.storyboard */,
				3C267720214225E9008EBB9F /* Assets.xcassets */,
				3C267722214225E9008EBB9F /* LaunchScreen.storyboard */,
				3C267725214225EA008EBB9F /* Info.plist */,
				3C267726214225EA008EBB9F /* main.m */,
			);
			path = HooCoreText;
			sourceTree = "<group>";
		};
		3C26772D2142262B008EBB9F /* HooCoreTextView */ = {
			isa = PBXGroup;
			children = (
				3C26772E21422649008EBB9F /* HooCoreTextView.h */,
				3C26772F21422649008EBB9F /* HooCoreTextView.m */,
				3CE3E2C022448076009BD8E7 /* HooTextAttachment.h */,
				3CE3E2C122448076009BD8E7 /* HooTextAttachment.m */,
				3C26773121426E95008EBB9F /* HooCTRunDelegate.h */,
				3C26773221426E95008EBB9F /* HooCTRunDelegate.m */,
				3C13E95C2147BD7600F7BEEE /* HooCTFrame.h */,
				3C13E95D2147BD7600F7BEEE /* HooCTFrame.m */,
				3C13E95F2147D8E500F7BEEE /* HooCTLine.h */,
				3C13E9602147D8E500F7BEEE /* HooCTLine.m */,
				3C13E9622147D8FB00F7BEEE /* HooCTRun.h */,
				3C13E9632147D8FB00F7BEEE /* HooCTRun.m */,
				3C13E96B2149378600F7BEEE /* NSAttributedString+HooText.h */,
				3C13E96C2149378600F7BEEE /* NSAttributedString+HooText.m */,
				3C26773421427F4C008EBB9F /* NSMutableAttributedString+HooText.h */,
				3C26773521427F4C008EBB9F /* NSMutableAttributedString+HooText.m */,
				3C13E96E214BA15800F7BEEE /* test@2x.png */,
				3C13E9652149121200F7BEEE /* NSParagraphStyle+HooText.h */,
				3C13E9662149121200F7BEEE /* NSParagraphStyle+HooText.m */,
			);
			path = HooCoreTextView;
			sourceTree = "<group>";
		};
		3C328047219BCDCF00E593FE /* HooCoreTextTests */ = {
			isa = PBXGroup;
			children = (
				3C328048219BCDCF00E593FE /* HooCoreTextTests.m */,
				3C32804A219BCDCF00E593FE /* Info.plist */,
			);
			path = HooCoreTextTests;
			sourceTree = "<group>";
		};
		3C328055219BCDF700E593FE /* HooCoreTextUITests */ = {
			isa = PBXGroup;
			children = (
				3C328056219BCDF700E593FE /* HooCoreTextUITests.m */,
				3C328058219BCDF700E593FE /* Info.plist */,
			);
			path = HooCoreTextUITests;
			sourceTree = "<group>";
		};
/* End PBXGroup section */

/* Begin PBXNativeTarget section */
		3C267713214225E5008EBB9F /* HooCoreText */ = {
			isa = PBXNativeTarget;
			buildConfigurationList = 3C26772A214225EA008EBB9F /* Build configuration list for PBXNativeTarget "HooCoreText" */;
			buildPhases = (
				3C267710214225E5008EBB9F /* Sources */,
				3C267711214225E5008EBB9F /* Frameworks */,
				3C267712214225E5008EBB9F /* Resources */,
			);
			buildRules = (
			);
			dependencies = (
			);
			name = HooCoreText;
			productName = HooCoreText;
			productReference = 3C267714214225E5008EBB9F /* HooCoreText.app */;
			productType = "com.apple.product-type.application";
		};
		3C328045219BCDCF00E593FE /* HooCoreTextTests */ = {
			isa = PBXNativeTarget;
			buildConfigurationList = 3C32804F219BCDCF00E593FE /* Build configuration list for PBXNativeTarget "HooCoreTextTests" */;
			buildPhases = (
				3C328042219BCDCF00E593FE /* Sources */,
				3C328043219BCDCF00E593FE /* Frameworks */,
				3C328044219BCDCF00E593FE /* Resources */,
			);
			buildRules = (
			);
			dependencies = (
				3C32804C219BCDCF00E593FE /* PBXTargetDependency */,
			);
			name = HooCoreTextTests;
			productName = HooCoreTextTests;
			productReference = 3C328046219BCDCF00E593FE /* HooCoreTextTests.xctest */;
			productType = "com.apple.product-type.bundle.unit-test";
		};
		3C328053219BCDF700E593FE /* HooCoreTextUITests */ = {
			isa = PBXNativeTarget;
			buildConfigurationList = 3C32805B219BCDF700E593FE /* Build configuration list for PBXNativeTarget "HooCoreTextUITests" */;
			buildPhases = (
				3C328050219BCDF700E593FE /* Sources */,
				3C328051219BCDF700E593FE /* Frameworks */,
				3C328052219BCDF700E593FE /* Resources */,
			);
			buildRules = (
			);
			dependencies = (
				3C32805A219BCDF700E593FE /* PBXTargetDependency */,
			);
			name = HooCoreTextUITests;
			productName = HooCoreTextUITests;
			productReference = 3C328054219BCDF700E593FE /* HooCoreTextUITests.xctest */;
			productType = "com.apple.product-type.bundle.ui-testing";
		};
/* End PBXNativeTarget section */

/* Begin PBXProject section */
		3C26770C214225E5008EBB9F /* Project object */ = {
			isa = PBXProject;
			attributes = {
				LastUpgradeCheck = 0930;
				ORGANIZATIONNAME = q.h.;
				TargetAttributes = {
					3C267713214225E5008EBB9F = {
						CreatedOnToolsVersion = 9.3;
					};
					3C328045219BCDCF00E593FE = {
						CreatedOnToolsVersion = 10.0;
						TestTargetID = 3C267713214225E5008EBB9F;
					};
					3C328053219BCDF700E593FE = {
						CreatedOnToolsVersion = 10.0;
						TestTargetID = 3C267713214225E5008EBB9F;
					};
				};
			};
			buildConfigurationList = 3C26770F214225E5008EBB9F /* Build configuration list for PBXProject "HooCoreText" */;
			compatibilityVersion = "Xcode 9.3";
			developmentRegion = en;
			hasScannedForEncodings = 0;
			knownRegions = (
				en,
				Base,
			);
			mainGroup = 3C26770B214225E5008EBB9F;
			productRefGroup = 3C267715214225E5008EBB9F /* Products */;
			projectDirPath = "";
			projectRoot = "";
			targets = (
				3C267713214225E5008EBB9F /* HooCoreText */,
				3C328045219BCDCF00E593FE /* HooCoreTextTests */,
				3C328053219BCDF700E593FE /* HooCoreTextUITests */,
			);
		};
/* End PBXProject section */

/* Begin PBXResourcesBuildPhase section */
		3C267712214225E5008EBB9F /* Resources */ = {
			isa = PBXResourcesBuildPhase;
			buildActionMask = 2147483647;
			files = (
				3C267724214225E9008EBB9F /* LaunchScreen.storyboard in Resources */,
				3C267721214225E9008EBB9F /* Assets.xcassets in Resources */,
				3C26771F214225E5008EBB9F /* Main.storyboard in Resources */,
				3C13E96F214BA15800F7BEEE /* test@2x.png in Resources */,
			);
			runOnlyForDeploymentPostprocessing = 0;
		};
		3C328044219BCDCF00E593FE /* Resources */ = {
			isa = PBXResourcesBuildPhase;
			buildActionMask = 2147483647;
			files = (
			);
			runOnlyForDeploymentPostprocessing = 0;
		};
		3C328052219BCDF700E593FE /* Resources */ = {
			isa = PBXResourcesBuildPhase;
			buildActionMask = 2147483647;
			files = (
			);
			runOnlyForDeploymentPostprocessing = 0;
		};
/* End PBXResourcesBuildPhase section */

/* Begin PBXSourcesBuildPhase section */
		3C267710214225E5008EBB9F /* Sources */ = {
			isa = PBXSourcesBuildPhase;
			buildActionMask = 2147483647;
			files = (
				3C26771C214225E5008EBB9F /* ViewController.m in Sources */,
				3C26773321426E95008EBB9F /* HooCTRunDelegate.m in Sources */,
				3CE3E2C222448076009BD8E7 /* HooTextAttachment.m in Sources */,
				3C267727214225EA008EBB9F /* main.m in Sources */,
				3C13E9612147D8E500F7BEEE /* HooCTLine.m in Sources */,
				3C13E9642147D8FB00F7BEEE /* HooCTRun.m in Sources */,
				3C13E95E2147BD7600F7BEEE /* HooCTFrame.m in Sources */,
				3C13E96D2149378600F7BEEE /* NSAttributedString+HooText.m in Sources */,
				3C267719214225E5008EBB9F /* AppDelegate.m in Sources */,
				3C13E9672149121200F7BEEE /* NSParagraphStyle+HooText.m in Sources */,
				3C26773021422649008EBB9F /* HooCoreTextView.m in Sources */,
				3C26773621427F4C008EBB9F /* NSMutableAttributedString+HooText.m in Sources */,
			);
			runOnlyForDeploymentPostprocessing = 0;
		};
		3C328042219BCDCF00E593FE /* Sources */ = {
			isa = PBXSourcesBuildPhase;
			buildActionMask = 2147483647;
			files = (
				3C328049219BCDCF00E593FE /* HooCoreTextTests.m in Sources */,
			);
			runOnlyForDeploymentPostprocessing = 0;
		};
		3C328050219BCDF700E593FE /* Sources */ = {
			isa = PBXSourcesBuildPhase;
			buildActionMask = 2147483647;
			files = (
				3C328057219BCDF700E593FE /* HooCoreTextUITests.m in Sources */,
			);
			runOnlyForDeploymentPostprocessing = 0;
		};
/* End PBXSourcesBuildPhase section */

/* Begin PBXTargetDependency section */
		3C32804C219BCDCF00E593FE /* PBXTargetDependency */ = {
			isa = PBXTargetDependency;
			target = 3C267713214225E5008EBB9F /* HooCoreText */;
			targetProxy = 3C32804B219BCDCF00E593FE /* PBXContainerItemProxy */;
		};
		3C32805A219BCDF700E593FE /* PBXTargetDependency */ = {
			isa = PBXTargetDependency;
			target = 3C267713214225E5008EBB9F /* HooCoreText */;
			targetProxy = 3C328059219BCDF700E593FE /* PBXContainerItemProxy */;
		};
/* End PBXTargetDependency section */

/* Begin PBXVariantGroup section */
		3C26771D214225E5008EBB9F /* Main.storyboard */ = {
			isa = PBXVariantGroup;
			children = (
				3C26771E214225E5008EBB9F /* Base */,
			);
			name = Main.storyboard;
			sourceTree = "<group>";
		};
		3C267722214225E9008EBB9F /* LaunchScreen.storyboard */ = {
			isa = PBXVariantGroup;
			children = (
				3C267723214225E9008EBB9F /* Base */,
			);
			name = LaunchScreen.storyboard;
			sourceTree = "<group>";
		};
/* End PBXVariantGroup section */

/* Begin XCBuildConfiguration section */
		3C267728214225EA008EBB9F /* Debug */ = {
			isa = XCBuildConfiguration;
			buildSettings = {
				ALWAYS_SEARCH_USER_PATHS = NO;
				CLANG_ANALYZER_NONNULL = YES;
				CLANG_ANALYZER_NUMBER_OBJECT_CONVERSION = YES_AGGRESSIVE;
				CLANG_CXX_LANGUAGE_STANDARD = "gnu++14";
				CLANG_CXX_LIBRARY = "libc++";
				CLANG_ENABLE_MODULES = YES;
				CLANG_ENABLE_OBJC_ARC = YES;
				CLANG_ENABLE_OBJC_WEAK = YES;
				CLANG_WARN_BLOCK_CAPTURE_AUTORELEASING = YES;
				CLANG_WARN_BOOL_CONVERSION = YES;
				CLANG_WARN_COMMA = YES;
				CLANG_WARN_CONSTANT_CONVERSION = YES;
				CLANG_WARN_DEPRECATED_OBJC_IMPLEMENTATIONS = YES;
				CLANG_WARN_DIRECT_OBJC_ISA_USAGE = YES_ERROR;
				CLANG_WARN_DOCUMENTATION_COMMENTS = YES;
				CLANG_WARN_EMPTY_BODY = YES;
				CLANG_WARN_ENUM_CONVERSION = YES;
				CLANG_WARN_INFINITE_RECURSION = YES;
				CLANG_WARN_INT_CONVERSION = YES;
				CLANG_WARN_NON_LITERAL_NULL_CONVERSION = YES;
				CLANG_WARN_OBJC_IMPLICIT_RETAIN_SELF = YES;
				CLANG_WARN_OBJC_LITERAL_CONVERSION = YES;
				CLANG_WARN_OBJC_ROOT_CLASS = YES_ERROR;
				CLANG_WARN_RANGE_LOOP_ANALYSIS = YES;
				CLANG_WARN_STRICT_PROTOTYPES = YES;
				CLANG_WARN_SUSPICIOUS_MOVE = YES;
				CLANG_WARN_UNGUARDED_AVAILABILITY = YES_AGGRESSIVE;
				CLANG_WARN_UNREACHABLE_CODE = YES;
				CLANG_WARN__DUPLICATE_METHOD_MATCH = YES;
				CODE_SIGN_IDENTITY = "iPhone Developer";
				COPY_PHASE_STRIP = NO;
				DEBUG_INFORMATION_FORMAT = dwarf;
				ENABLE_STRICT_OBJC_MSGSEND = YES;
				ENABLE_TESTABILITY = YES;
				GCC_C_LANGUAGE_STANDARD = gnu11;
				GCC_DYNAMIC_NO_PIC = NO;
				GCC_NO_COMMON_BLOCKS = YES;
				GCC_OPTIMIZATION_LEVEL = 0;
				GCC_PREPROCESSOR_DEFINITIONS = (
					"DEBUG=1",
					"$(inherited)",
				);
				GCC_WARN_64_TO_32_BIT_CONVERSION = YES;
				GCC_WARN_ABOUT_RETURN_TYPE = YES_ERROR;
				GCC_WARN_UNDECLARED_SELECTOR = YES;
				GCC_WARN_UNINITIALIZED_AUTOS = YES_AGGRESSIVE;
				GCC_WARN_UNUSED_FUNCTION = YES;
				GCC_WARN_UNUSED_VARIABLE = YES;
				IPHONEOS_DEPLOYMENT_TARGET = 11.3;
				MTL_ENABLE_DEBUG_INFO = YES;
				ONLY_ACTIVE_ARCH = YES;
				SDKROOT = iphoneos;
			};
			name = Debug;
		};
		3C267729214225EA008EBB9F /* Release */ = {
			isa = XCBuildConfiguration;
			buildSettings = {
				ALWAYS_SEARCH_USER_PATHS = NO;
				CLANG_ANALYZER_NONNULL = YES;
				CLANG_ANALYZER_NUMBER_OBJECT_CONVERSION = YES_AGGRESSIVE;
				CLANG_CXX_LANGUAGE_STANDARD = "gnu++14";
				CLANG_CXX_LIBRARY = "libc++";
				CLANG_ENABLE_MODULES = YES;
				CLANG_ENABLE_OBJC_ARC = YES;
				CLANG_ENABLE_OBJC_WEAK = YES;
				CLANG_WARN_BLOCK_CAPTURE_AUTORELEASING = YES;
				CLANG_WARN_BOOL_CONVERSION = YES;
				CLANG_WARN_COMMA = YES;
				CLANG_WARN_CONSTANT_CONVERSION = YES;
				CLANG_WARN_DEPRECATED_OBJC_IMPLEMENTATIONS = YES;
				CLANG_WARN_DIRECT_OBJC_ISA_USAGE = YES_ERROR;
				CLANG_WARN_DOCUMENTATION_COMMENTS = YES;
				CLANG_WARN_EMPTY_BODY = YES;
				CLANG_WARN_ENUM_CONVERSION = YES;
				CLANG_WARN_INFINITE_RECURSION = YES;
				CLANG_WARN_INT_CONVERSION = YES;
				CLANG_WARN_NON_LITERAL_NULL_CONVERSION = YES;
				CLANG_WARN_OBJC_IMPLICIT_RETAIN_SELF = YES;
				CLANG_WARN_OBJC_LITERAL_CONVERSION = YES;
				CLANG_WARN_OBJC_ROOT_CLASS = YES_ERROR;
				CLANG_WARN_RANGE_LOOP_ANALYSIS = YES;
				CLANG_WARN_STRICT_PROTOTYPES = YES;
				CLANG_WARN_SUSPICIOUS_MOVE = YES;
				CLANG_WARN_UNGUARDED_AVAILABILITY = YES_AGGRESSIVE;
				CLANG_WARN_UNREACHABLE_CODE = YES;
				CLANG_WARN__DUPLICATE_METHOD_MATCH = YES;
				CODE_SIGN_IDENTITY = "iPhone Developer";
				COPY_PHASE_STRIP = NO;
				DEBUG_INFORMATION_FORMAT = "dwarf-with-dsym";
				ENABLE_NS_ASSERTIONS = NO;
				ENABLE_STRICT_OBJC_MSGSEND = YES;
				GCC_C_LANGUAGE_STANDARD = gnu11;
				GCC_NO_COMMON_BLOCKS = YES;
				GCC_WARN_64_TO_32_BIT_CONVERSION = YES;
				GCC_WARN_ABOUT_RETURN_TYPE = YES_ERROR;
				GCC_WARN_UNDECLARED_SELECTOR = YES;
				GCC_WARN_UNINITIALIZED_AUTOS = YES_AGGRESSIVE;
				GCC_WARN_UNUSED_FUNCTION = YES;
				GCC_WARN_UNUSED_VARIABLE = YES;
				IPHONEOS_DEPLOYMENT_TARGET = 11.3;
				MTL_ENABLE_DEBUG_INFO = NO;
				SDKROOT = iphoneos;
				VALIDATE_PRODUCT = YES;
			};
			name = Release;
		};
		3C26772B214225EA008EBB9F /* Debug */ = {
			isa = XCBuildConfiguration;
			buildSettings = {
				ASSETCATALOG_COMPILER_APPICON_NAME = AppIcon;
				CODE_SIGN_STYLE = Automatic;
				INFOPLIST_FILE = HooCoreText/Info.plist;
				LD_RUNPATH_SEARCH_PATHS = (
					"$(inherited)",
					"@executable_path/Frameworks",
				);
				PRODUCT_BUNDLE_IDENTIFIER = wang.com.HooCoreText;
				PRODUCT_NAME = "$(TARGET_NAME)";
				TARGETED_DEVICE_FAMILY = "1,2";
			};
			name = Debug;
		};
		3C26772C214225EA008EBB9F /* Release */ = {
			isa = XCBuildConfiguration;
			buildSettings = {
				ASSETCATALOG_COMPILER_APPICON_NAME = AppIcon;
				CODE_SIGN_STYLE = Automatic;
				INFOPLIST_FILE = HooCoreText/Info.plist;
				LD_RUNPATH_SEARCH_PATHS = (
					"$(inherited)",
					"@executable_path/Frameworks",
				);
				PRODUCT_BUNDLE_IDENTIFIER = wang.com.HooCoreText;
				PRODUCT_NAME = "$(TARGET_NAME)";
				TARGETED_DEVICE_FAMILY = "1,2";
			};
			name = Release;
		};
		3C32804D219BCDCF00E593FE /* Debug */ = {
			isa = XCBuildConfiguration;
			buildSettings = {
				BUNDLE_LOADER = "$(TEST_HOST)";
				CODE_SIGN_STYLE = Automatic;
				INFOPLIST_FILE = HooCoreTextTests/Info.plist;
				IPHONEOS_DEPLOYMENT_TARGET = 12.0;
				LD_RUNPATH_SEARCH_PATHS = (
					"$(inherited)",
					"@executable_path/Frameworks",
					"@loader_path/Frameworks",
				);
				MTL_ENABLE_DEBUG_INFO = INCLUDE_SOURCE;
				MTL_FAST_MATH = YES;
				PRODUCT_BUNDLE_IDENTIFIER = wang.com.HooCoreTextTests;
				PRODUCT_NAME = "$(TARGET_NAME)";
				TARGETED_DEVICE_FAMILY = "1,2";
				TEST_HOST = "$(BUILT_PRODUCTS_DIR)/HooCoreText.app/HooCoreText";
			};
			name = Debug;
		};
		3C32804E219BCDCF00E593FE /* Release */ = {
			isa = XCBuildConfiguration;
			buildSettings = {
				BUNDLE_LOADER = "$(TEST_HOST)";
				CODE_SIGN_STYLE = Automatic;
				INFOPLIST_FILE = HooCoreTextTests/Info.plist;
				IPHONEOS_DEPLOYMENT_TARGET = 12.0;
				LD_RUNPATH_SEARCH_PATHS = (
					"$(inherited)",
					"@executable_path/Frameworks",
					"@loader_path/Frameworks",
				);
				MTL_FAST_MATH = YES;
				PRODUCT_BUNDLE_IDENTIFIER = wang.com.HooCoreTextTests;
				PRODUCT_NAME = "$(TARGET_NAME)";
				TARGETED_DEVICE_FAMILY = "1,2";
				TEST_HOST = "$(BUILT_PRODUCTS_DIR)/HooCoreText.app/HooCoreText";
			};
			name = Release;
		};
		3C32805C219BCDF700E593FE /* Debug */ = {
			isa = XCBuildConfiguration;
			buildSettings = {
				CODE_SIGN_STYLE = Automatic;
				INFOPLIST_FILE = HooCoreTextUITests/Info.plist;
				IPHONEOS_DEPLOYMENT_TARGET = 12.0;
				LD_RUNPATH_SEARCH_PATHS = (
					"$(inherited)",
					"@executable_path/Frameworks",
					"@loader_path/Frameworks",
				);
				MTL_ENABLE_DEBUG_INFO = INCLUDE_SOURCE;
				MTL_FAST_MATH = YES;
				PRODUCT_BUNDLE_IDENTIFIER = wang.com.HooCoreTextUITests;
				PRODUCT_NAME = "$(TARGET_NAME)";
				TARGETED_DEVICE_FAMILY = "1,2";
				TEST_TARGET_NAME = HooCoreText;
			};
			name = Debug;
		};
		3C32805D219BCDF700E593FE /* Release */ = {
			isa = XCBuildConfiguration;
			buildSettings = {
				CODE_SIGN_STYLE = Automatic;
				INFOPLIST_FILE = HooCoreTextUITests/Info.plist;
				IPHONEOS_DEPLOYMENT_TARGET = 12.0;
				LD_RUNPATH_SEARCH_PATHS = (
					"$(inherited)",
					"@executable_path/Frameworks",
					"@loader_path/Frameworks",
				);
				MTL_FAST_MATH = YES;
				PRODUCT_BUNDLE_IDENTIFIER = wang.com.HooCoreTextUITests;
				PRODUCT_NAME = "$(TARGET_NAME)";
				TARGETED_DEVICE_FAMILY = "1,2";
				TEST_TARGET_NAME = HooCoreText;
			};
			name = Release;
		};
/* End XCBuildConfiguration section */

/* Begin XCConfigurationList section */
		3C26770F214225E5008EBB9F /* Build configuration list for PBXProject "HooCoreText" */ = {
			isa = XCConfigurationList;
			buildConfigurations = (
				3C267728214225EA008EBB9F /* Debug */,
				3C267729214225EA008EBB9F /* Release */,
			);
			defaultConfigurationIsVisible = 0;
			defaultConfigurationName = Release;
		};
		3C26772A214225EA008EBB9F /* Build configuration list for PBXNativeTarget "HooCoreText" */ = {
			isa = XCConfigurationList;
			buildConfigurations = (
				3C26772B214225EA008EBB9F /* Debug */,
				3C26772C214225EA008EBB9F /* Release */,
			);
			defaultConfigurationIsVisible = 0;
			defaultConfigurationName = Release;
		};
		3C32804F219BCDCF00E593FE /* Build configuration list for PBXNativeTarget "HooCoreTextTests" */ = {
			isa = XCConfigurationList;
			buildConfigurations = (
				3C32804D219BCDCF00E593FE /* Debug */,
				3C32804E219BCDCF00E593FE /* Release */,
			);
			defaultConfigurationIsVisible = 0;
			defaultConfigurationName = Release;
		};
		3C32805B219BCDF700E593FE /* Build configuration list for PBXNativeTarget "HooCoreTextUITests" */ = {
			isa = XCConfigurationList;
			buildConfigurations = (
				3C32805C219BCDF700E593FE /* Debug */,
				3C32805D219BCDF700E593FE /* Release */,
			);
			defaultConfigurationIsVisible = 0;
			defaultConfigurationName = Release;
		};
/* End XCConfigurationList section */
	};
	rootObject = 3C26770C214225E5008EBB9F /* Project object */;
}
